# This file is automatically @generated by Poetry 1.8.0 and should not be changed by hand.

[[package]]
name = "aiohttp"
version = "3.8.0"
description = "Async http client/server framework (asyncio)"
optional = false
python-versions = ">=3.6"
files = [
    {file = "aiohttp-3.8.0.tar.gz", hash = "sha256:d3b19d8d183bcfd68b25beebab8dc3308282fe2ca3d6ea3cb4cd101b3c279f8d"},
]

[[package]]
name = "lxml"
version = "4.6.3"
description = "Powerful and Pythonic XML processing library"
optional = false
python-versions = ">=2.7, !=3.0.*, !=3.1.*, !=3.2.*, !=3.3.*, != 3.4.*"
files = [
    {file = "lxml-4.6.3.tar.gz", hash = "sha256:39b78571b3b30645ac77b95f7c69d1bffc4cf8c3b157c435a34da72e78c82468"},
]

[[package]]
name = "orjson"
version = "3.6.0"
description = "Fast, correct Python JSON library supporting dataclasses, datetimes, and numpy"
optional = false
python-versions = ">=3.6"
files = [
    {file = "orjson-3.6.0.tar.gz", hash = "sha256:367bf36a5f9c461c4f8f5f679ac6a36d31fa73aa11bf8ea82d3ceec3121a2abe"},
]

[[package]]
name = "setuptools"
version = "57.0.0"
description = "Easily download, build, install, upgrade, and uninstall Python packages"
optional = false
python-versions = ">=3.6"
files = [
    {file = "setuptools-57.0.0.tar.gz", hash = "sha256:401cbf33a7bf817d08014d51560fc003b895c4cdc1a5b521ad2969e928a07535"},
]

[[package]]
name = "urllib3"
version = "1.26.4"
description = "HTTP library with thread-safe connection pooling, file post, and more."
optional = false
python-versions = ">=2.7, !=3.0.*, !=3.1.*, !=3.2.*, !=3.3.*, !=3.4.*, <4"
files = [
    {file = "urllib3-1.26.4.tar.gz", hash = "sha256:e7b021f7241115872f92f43c6508082facffbd1c048e3c6e2bb9c2a157e28937"},
]

[metadata]
lock-version = "2.0"
python-versions = "^3.9"
content-hash = "sha256:0000000000000000000000000000000000000000000000000000000000000000"
